
Microsoft Visual Studio Solution File, Format Version 12.00
# Visual Studio 15
VisualStudioVersion = 15.0.28307.2092
MinimumVisualStudioVersion = 10.0.40219.1
Project("{8BC9CEB8-8B4A-11D0-8D11-00A0C91BC942}") = "Exo1", "chap3c\chap3c.vcxproj", "{E0585664-B417-4086-B78C-5B929F0D74DE}"
EndProject
Project("{8BC9CEB8-8B4A-11D0-8D11-00A0C91BC942}") = "TP1Exo1", "Exo2\Exo2.vcxproj", "{2BBD7184-01DA-403E-94C9-6EFAEB01521E}"
EndProject
Project("{8BC9CEB8-8B4A-11D0-8D11-00A0C91BC942}") = "TP1Exo2", "TP1Exo2\TP1Exo2.vcxproj", "{1E5C5B29-E2EF-4958-9062-6061BD60B2DE}"
EndProject
Project("{8BC9CEB8-8B4A-11D0-8D11-00A0C91BC942}") = "TP1Exo3", "TP1Exo3\TP1Exo3.vcxproj", "{97E91675-37D9-4C6B-9992-C51CA099E2B0}"
EndProject
Project("{8BC9CEB8-8B4A-11D0-8D11-00A0C91BC942}") = "TP1Exo4", "TP1Exo4\TP1Exo4.vcxproj", "{A9E77D59-C5A8-4F55-B60F-C6F485D08D86}"
EndProject
Project("{8BC9CEB8-8B4A-11D0-8D11-00A0C91BC942}") = "TP1Exo5", "TP1Exo5\TP1Exo5.vcxproj", "{497DE337-7F88-442E-9FAD-FEEC6D0058A0}"
EndProject
Project("{8BC9CEB8-8B4A-11D0-8D11-00A0C91BC942}") = "TP1Exo6", "TP1Exo6\TP1Exo6.vcxproj", "{811DAABA-E390-4D0B-9BAD-D5DB2CE7F4E0}"
EndProject
Project("{8BC9CEB8-8B4A-11D0-8D11-00A0C91BC942}") = "TP2Exo1", "TP2Exo1\TP2Exo1.vcxproj", "{7606DAB0-D405-4474-8CE9-C2762290AD7B}"
EndProject
Project("{8BC9CEB8-8B4A-11D0-8D11-00A0C91BC942}") = "TP2Exo2", "TP2Exo2\TP2Exo2.vcxproj", "{A215DA54-4291-45CC-AB4F-412765D85958}"
EndProject
Project("{8BC9CEB8-8B4A-11D0-8D11-00A0C91BC942}") = "TP2Exo3", "TP2Exo3\TP2Exo3.vcxproj", "{C1F45CE6-F229-4E61-A467-A1A67294EDCD}"
EndProject
Project("{8BC9CEB8-8B4A-11D0-8D11-00A0C91BC942}") = "TP2Exo4", "TP2Exo4\TP2Exo4.vcxproj", "{ED7C8275-3C31-41C1-98C0-A60AF7B499D5}"
EndProject
Global
	GlobalSection(SolutionConfigurationPlatforms) = preSolution
		Debug|x64 = Debug|x64
		Debug|x86 = Debug|x86
		Release|x64 = Release|x64
		Release|x86 = Release|x86
	EndGlobalSection
	GlobalSection(ProjectConfigurationPlatforms) = postSolution
		{E0585664-B417-4086-B78C-5B929F0D74DE}.Debug|x64.ActiveCfg = Debug|x64
		{E0585664-B417-4086-B78C-5B929F0D74DE}.Debug|x64.Build.0 = Debug|x64
		{E0585664-B417-4086-B78C-5B929F0D74DE}.Debug|x86.ActiveCfg = Debug|Win32
		{E0585664-B417-4086-B78C-5B929F0D74DE}.Debug|x86.Build.0 = Debug|Win32
		{E0585664-B417-4086-B78C-5B929F0D74DE}.Release|x64.ActiveCfg = Release|x64
		{E0585664-B417-4086-B78C-5B929F0D74DE}.Release|x64.Build.0 = Release|x64
		{E0585664-B417-4086-B78C-5B929F0D74DE}.Release|x86.ActiveCfg = Release|Win32
		{E0585664-B417-4086-B78C-5B929F0D74DE}.Release|x86.Build.0 = Release|Win32
		{2BBD7184-01DA-403E-94C9-6EFAEB01521E}.Debug|x64.ActiveCfg = Debug|x64
		{2BBD7184-01DA-403E-94C9-6EFAEB01521E}.Debug|x64.Build.0 = Debug|x64
		{2BBD7184-01DA-403E-94C9-6EFAEB01521E}.Debug|x86.ActiveCfg = Debug|Win32
		{2BBD7184-01DA-403E-94C9-6EFAEB01521E}.Debug|x86.Build.0 = Debug|Win32
		{2BBD7184-01DA-403E-94C9-6EFAEB01521E}.Release|x64.ActiveCfg = Release|x64
		{2BBD7184-01DA-403E-94C9-6EFAEB01521E}.Release|x64.Build.0 = Release|x64
		{2BBD7184-01DA-403E-94C9-6EFAEB01521E}.Release|x86.ActiveCfg = Release|Win32
		{2BBD7184-01DA-403E-94C9-6EFAEB01521E}.Release|x86.Build.0 = Release|Win32
		{1E5C5B29-E2EF-4958-9062-6061BD60B2DE}.Debug|x64.ActiveCfg = Debug|x64
		{1E5C5B29-E2EF-4958-9062-6061BD60B2DE}.Debug|x64.Build.0 = Debug|x64
		{1E5C5B29-E2EF-4958-9062-6061BD60B2DE}.Debug|x86.ActiveCfg = Debug|Win32
		{1E5C5B29-E2EF-4958-9062-6061BD60B2DE}.Debug|x86.Build.0 = Debug|Win32
		{1E5C5B29-E2EF-4958-9062-6061BD60B2DE}.Release|x64.ActiveCfg = Release|x64
		{1E5C5B29-E2EF-4958-9062-6061BD60B2DE}.Release|x64.Build.0 = Release|x64
		{1E5C5B29-E2EF-4958-9062-6061BD60B2DE}.Release|x86.ActiveCfg = Release|Win32
		{1E5C5B29-E2EF-4958-9062-6061BD60B2DE}.Release|x86.Build.0 = Release|Win32
		{97E91675-37D9-4C6B-9992-C51CA099E2B0}.Debug|x64.ActiveCfg = Debug|x64
		{97E91675-37D9-4C6B-9992-C51CA099E2B0}.Debug|x64.Build.0 = Debug|x64
		{97E91675-37D9-4C6B-9992-C51CA099E2B0}.Debug|x86.ActiveCfg = Debug|Win32
		{97E91675-37D9-4C6B-9992-C51CA099E2B0}.Debug|x86.Build.0 = Debug|Win32
		{97E91675-37D9-4C6B-9992-C51CA099E2B0}.Release|x64.ActiveCfg = Release|x64
		{97E91675-37D9-4C6B-9992-C51CA099E2B0}.Release|x64.Build.0 = Release|x64
		{97E91675-37D9-4C6B-9992-C51CA099E2B0}.Release|x86.ActiveCfg = Release|Win32
		{97E91675-37D9-4C6B-9992-C51CA099E2B0}.Release|x86.Build.0 = Release|Win32
		{A9E77D59-C5A8-4F55-B60F-C6F485D08D86}.Debug|x64.ActiveCfg = Debug|x64
		{A9E77D59-C5A8-4F55-B60F-C6F485D08D86}.Debug|x64.Build.0 = Debug|x64
		{A9E77D59-C5A8-4F55-B60F-C6F485D08D86}.Debug|x86.ActiveCfg = Debug|Win32
		{A9E77D59-C5A8-4F55-B60F-C6F485D08D86}.Debug|x86.Build.0 = Debug|Win32
		{A9E77D59-C5A8-4F55-B60F-C6F485D08D86}.Release|x64.ActiveCfg = Release|x64
		{A9E77D59-C5A8-4F55-B60F-C6F485D08D86}.Release|x64.Build.0 = Release|x64
		{A9E77D59-C5A8-4F55-B60F-C6F485D08D86}.Release|x86.ActiveCfg = Release|Win32
		{A9E77D59-C5A8-4F55-B60F-C6F485D08D86}.Release|x86.Build.0 = Release|Win32
		{497DE337-7F88-442E-9FAD-FEEC6D0058A0}.Debug|x64.ActiveCfg = Debug|x64
		{497DE337-7F88-442E-9FAD-FEEC6D0058A0}.Debug|x64.Build.0 = Debug|x64
		{497DE337-7F88-442E-9FAD-FEEC6D0058A0}.Debug|x86.ActiveCfg = Debug|Win32
		{497DE337-7F88-442E-9FAD-FEEC6D0058A0}.Debug|x86.Build.0 = Debug|Win32
		{497DE337-7F88-442E-9FAD-FEEC6D0058A0}.Release|x64.ActiveCfg = Release|x64
		{497DE337-7F88-442E-9FAD-FEEC6D0058A0}.Release|x64.Build.0 = Release|x64
		{497DE337-7F88-442E-9FAD-FEEC6D0058A0}.Release|x86.ActiveCfg = Release|Win32
		{497DE337-7F88-442E-9FAD-FEEC6D0058A0}.Release|x86.Build.0 = Release|Win32
		{811DAABA-E390-4D0B-9BAD-D5DB2CE7F4E0}.Debug|x64.ActiveCfg = Debug|x64
		{811DAABA-E390-4D0B-9BAD-D5DB2CE7F4E0}.Debug|x64.Build.0 = Debug|x64
		{811DAABA-E390-4D0B-9BAD-D5DB2CE7F4E0}.Debug|x86.ActiveCfg = Debug|Win32
		{811DAABA-E390-4D0B-9BAD-D5DB2CE7F4E0}.Debug|x86.Build.0 = Debug|Win32
		{811DAABA-E390-4D0B-9BAD-D5DB2CE7F4E0}.Release|x64.ActiveCfg = Release|x64
		{811DAABA-E390-4D0B-9BAD-D5DB2CE7F4E0}.Release|x64.Build.0 = Release|x64
		{811DAABA-E390-4D0B-9BAD-D5DB2CE7F4E0}.Release|x86.ActiveCfg = Release|Win32
		{811DAABA-E390-4D0B-9BAD-D5DB2CE7F4E0}.Release|x86.Build.0 = Release|Win32
		{7606DAB0-D405-4474-8CE9-C2762290AD7B}.Debug|x64.ActiveCfg = Debug|x64
		{7606DAB0-D405-4474-8CE9-C2762290AD7B}.Debug|x64.Build.0 = Debug|x64
		{7606DAB0-D405-4474-8CE9-C2762290AD7B}.Debug|x86.ActiveCfg = Debug|Win32
		{7606DAB0-D405-4474-8CE9-C2762290AD7B}.Debug|x86.Build.0 = Debug|Win32
		{7606DAB0-D405-4474-8CE9-C2762290AD7B}.Release|x64.ActiveCfg = Release|x64
		{7606DAB0-D405-4474-8CE9-C2762290AD7B}.Release|x64.Build.0 = Release|x64
		{7606DAB0-D405-4474-8CE9-C2762290AD7B}.Release|x86.ActiveCfg = Release|Win32
		{7606DAB0-D405-4474-8CE9-C2762290AD7B}.Release|x86.Build.0 = Release|Win32
		{A215DA54-4291-45CC-AB4F-412765D85958}.Debug|x64.ActiveCfg = Debug|x64
		{A215DA54-4291-45CC-AB4F-412765D85958}.Debug|x64.Build.0 = Debug|x64
		{A215DA54-4291-45CC-AB4F-412765D85958}.Debug|x86.ActiveCfg = Debug|Win32
		{A215DA54-4291-45CC-AB4F-412765D85958}.Debug|x86.Build.0 = Debug|Win32
		{A215DA54-4291-45CC-AB4F-412765D85958}.Release|x64.ActiveCfg = Release|x64
		{A215DA54-4291-45CC-AB4F-412765D85958}.Release|x64.Build.0 = Release|x64
		{A215DA54-4291-45CC-AB4F-412765D85958}.Release|x86.ActiveCfg = Release|Win32
		{A215DA54-4291-45CC-AB4F-412765D85958}.Release|x86.Build.0 = Release|Win32
		{C1F45CE6-F229-4E61-A467-A1A67294EDCD}.Debug|x64.ActiveCfg = Debug|x64
		{C1F45CE6-F229-4E61-A467-A1A67294EDCD}.Debug|x64.Build.0 = Debug|x64
		{C1F45CE6-F229-4E61-A467-A1A67294EDCD}.Debug|x86.ActiveCfg = Debug|Win32
		{C1F45CE6-F229-4E61-A467-A1A67294EDCD}.Debug|x86.Build.0 = Debug|Win32
		{C1F45CE6-F229-4E61-A467-A1A67294EDCD}.Release|x64.ActiveCfg = Release|x64
		{C1F45CE6-F229-4E61-A467-A1A67294EDCD}.Release|x64.Build.0 = Release|x64
		{C1F45CE6-F229-4E61-A467-A1A67294EDCD}.Release|x86.ActiveCfg = Release|Win32
		{C1F45CE6-F229-4E61-A467-A1A67294EDCD}.Release|x86.Build.0 = Release|Win32
		{ED7C8275-3C31-41C1-98C0-A60AF7B499D5}.Debug|x64.ActiveCfg = Debug|x64
		{ED7C8275-3C31-41C1-98C0-A60AF7B499D5}.Debug|x64.Build.0 = Debug|x64
		{ED7C8275-3C31-41C1-98C0-A60AF7B499D5}.Debug|x86.ActiveCfg = Debug|Win32
		{ED7C8275-3C31-41C1-98C0-A60AF7B499D5}.Debug|x86.Build.0 = Debug|Win32
		{ED7C8275-3C31-41C1-98C0-A60AF7B499D5}.Release|x64.ActiveCfg = Release|x64
		{ED7C8275-3C31-41C1-98C0-A60AF7B499D5}.Release|x64.Build.0 = Release|x64
		{ED7C8275-3C31-41C1-98C0-A60AF7B499D5}.Release|x86.ActiveCfg = Release|Win32
		{ED7C8275-3C31-41C1-98C0-A60AF7B499D5}.Release|x86.Build.0 = Release|Win32
	EndGlobalSection
	GlobalSection(SolutionProperties) = preSolution
		HideSolutionNode = FALSE
	EndGlobalSection
	GlobalSection(ExtensibilityGlobals) = postSolution
		SolutionGuid = {9DEF7FFB-CD3A-423A-9E83-D65F30956C75}
	EndGlobalSection
EndGlobal
