
Microsoft Visual Studio Solution File, Format Version 12.00
# Visual Studio 15
VisualStudioVersion = 15.0.28307.2092
MinimumVisualStudioVersion = 10.0.40219.1
Project("{8BC9CEB8-8B4A-11D0-8D11-00A0C91BC942}") = "TP1Exo1", "chap2c\chap2c.vcxproj", "{1044AB99-32F6-4375-B3C7-E9E016D53291}"
EndProject
Project("{8BC9CEB8-8B4A-11D0-8D11-00A0C91BC942}") = "TP1Exo2", "Exo2\Exo2.vcxproj", "{4DC5E947-885C-4787-841E-2AE50882C2B8}"
EndProject
Project("{8BC9CEB8-8B4A-11D0-8D11-00A0C91BC942}") = "TP1Exo3", "Exo3\Exo3.vcxproj", "{98F416FB-DEDE-4314-898D-0A8AB13096F4}"
EndProject
Project("{8BC9CEB8-8B4A-11D0-8D11-00A0C91BC942}") = "TP3Exo1", "ExoTP3\ExoTP3.vcxproj", "{FE11F243-48F3-4932-B047-99091D40DA4A}"
EndProject
Project("{8BC9CEB8-8B4A-11D0-8D11-00A0C91BC942}") = "TP3Exo2", "Exo2TP3\Exo2TP3.vcxproj", "{CA103569-6244-4580-ADCC-31B02B9514F6}"
EndProject
Project("{8BC9CEB8-8B4A-11D0-8D11-00A0C91BC942}") = "TP3Exo3", "Exo3TP3\Exo3TP3.vcxproj", "{B3ADAF81-7A4F-4650-AE43-7D434BE50AE6}"
EndProject
Project("{8BC9CEB8-8B4A-11D0-8D11-00A0C91BC942}") = "TP3Exo4", "Exo4TP3\Exo4TP3.vcxproj", "{919EF8D3-55FA-4A19-AE9A-A5B32F5B03D3}"
EndProject
Project("{8BC9CEB8-8B4A-11D0-8D11-00A0C91BC942}") = "TP2Exo1", "TP2Exo1\TP2Exo1.vcxproj", "{9498B281-A50B-495E-A757-5E732972130F}"
EndProject
Project("{8BC9CEB8-8B4A-11D0-8D11-00A0C91BC942}") = "TP2Exo2", "TP2Exo2\TP2Exo2.vcxproj", "{FB47F83B-BA86-485D-A141-933F1FD82396}"
EndProject
Project("{8BC9CEB8-8B4A-11D0-8D11-00A0C91BC942}") = "TP3Exo5", "TP3Exo5\TP3Exo5.vcxproj", "{371B3328-AC05-4DF5-8C03-B91F3FDE37CA}"
EndProject
Project("{8BC9CEB8-8B4A-11D0-8D11-00A0C91BC942}") = "TP4Exo1", "TP4Exo1\TP4Exo1.vcxproj", "{6DA755E6-6B3B-487C-93F5-00FC1792F39C}"
EndProject
Project("{8BC9CEB8-8B4A-11D0-8D11-00A0C91BC942}") = "TP4Exo2", "TP4Exo2\TP4Exo2.vcxproj", "{F8FE8767-B7C2-4BC5-8EC4-566CC4C9E13E}"
EndProject
Global
	GlobalSection(SolutionConfigurationPlatforms) = preSolution
		Debug|x64 = Debug|x64
		Debug|x86 = Debug|x86
		Release|x64 = Release|x64
		Release|x86 = Release|x86
	EndGlobalSection
	GlobalSection(ProjectConfigurationPlatforms) = postSolution
		{1044AB99-32F6-4375-B3C7-E9E016D53291}.Debug|x64.ActiveCfg = Debug|x64
		{1044AB99-32F6-4375-B3C7-E9E016D53291}.Debug|x64.Build.0 = Debug|x64
		{1044AB99-32F6-4375-B3C7-E9E016D53291}.Debug|x86.ActiveCfg = Debug|Win32
		{1044AB99-32F6-4375-B3C7-E9E016D53291}.Debug|x86.Build.0 = Debug|Win32
		{1044AB99-32F6-4375-B3C7-E9E016D53291}.Release|x64.ActiveCfg = Release|x64
		{1044AB99-32F6-4375-B3C7-E9E016D53291}.Release|x64.Build.0 = Release|x64
		{1044AB99-32F6-4375-B3C7-E9E016D53291}.Release|x86.ActiveCfg = Release|Win32
		{1044AB99-32F6-4375-B3C7-E9E016D53291}.Release|x86.Build.0 = Release|Win32
		{4DC5E947-885C-4787-841E-2AE50882C2B8}.Debug|x64.ActiveCfg = Debug|x64
		{4DC5E947-885C-4787-841E-2AE50882C2B8}.Debug|x64.Build.0 = Debug|x64
		{4DC5E947-885C-4787-841E-2AE50882C2B8}.Debug|x86.ActiveCfg = Debug|Win32
		{4DC5E947-885C-4787-841E-2AE50882C2B8}.Debug|x86.Build.0 = Debug|Win32
		{4DC5E947-885C-4787-841E-2AE50882C2B8}.Release|x64.ActiveCfg = Release|x64
		{4DC5E947-885C-4787-841E-2AE50882C2B8}.Release|x64.Build.0 = Release|x64
		{4DC5E947-885C-4787-841E-2AE50882C2B8}.Release|x86.ActiveCfg = Release|Win32
		{4DC5E947-885C-4787-841E-2AE50882C2B8}.Release|x86.Build.0 = Release|Win32
		{98F416FB-DEDE-4314-898D-0A8AB13096F4}.Debug|x64.ActiveCfg = Debug|x64
		{98F416FB-DEDE-4314-898D-0A8AB13096F4}.Debug|x64.Build.0 = Debug|x64
		{98F416FB-DEDE-4314-898D-0A8AB13096F4}.Debug|x86.ActiveCfg = Debug|Win32
		{98F416FB-DEDE-4314-898D-0A8AB13096F4}.Debug|x86.Build.0 = Debug|Win32
		{98F416FB-DEDE-4314-898D-0A8AB13096F4}.Release|x64.ActiveCfg = Release|x64
		{98F416FB-DEDE-4314-898D-0A8AB13096F4}.Release|x64.Build.0 = Release|x64
		{98F416FB-DEDE-4314-898D-0A8AB13096F4}.Release|x86.ActiveCfg = Release|Win32
		{98F416FB-DEDE-4314-898D-0A8AB13096F4}.Release|x86.Build.0 = Release|Win32
		{FE11F243-48F3-4932-B047-99091D40DA4A}.Debug|x64.ActiveCfg = Debug|x64
		{FE11F243-48F3-4932-B047-99091D40DA4A}.Debug|x64.Build.0 = Debug|x64
		{FE11F243-48F3-4932-B047-99091D40DA4A}.Debug|x86.ActiveCfg = Debug|Win32
		{FE11F243-48F3-4932-B047-99091D40DA4A}.Debug|x86.Build.0 = Debug|Win32
		{FE11F243-48F3-4932-B047-99091D40DA4A}.Release|x64.ActiveCfg = Release|x64
		{FE11F243-48F3-4932-B047-99091D40DA4A}.Release|x64.Build.0 = Release|x64
		{FE11F243-48F3-4932-B047-99091D40DA4A}.Release|x86.ActiveCfg = Release|Win32
		{FE11F243-48F3-4932-B047-99091D40DA4A}.Release|x86.Build.0 = Release|Win32
		{CA103569-6244-4580-ADCC-31B02B9514F6}.Debug|x64.ActiveCfg = Debug|x64
		{CA103569-6244-4580-ADCC-31B02B9514F6}.Debug|x64.Build.0 = Debug|x64
		{CA103569-6244-4580-ADCC-31B02B9514F6}.Debug|x86.ActiveCfg = Debug|Win32
		{CA103569-6244-4580-ADCC-31B02B9514F6}.Debug|x86.Build.0 = Debug|Win32
		{CA103569-6244-4580-ADCC-31B02B9514F6}.Release|x64.ActiveCfg = Release|x64
		{CA103569-6244-4580-ADCC-31B02B9514F6}.Release|x64.Build.0 = Release|x64
		{CA103569-6244-4580-ADCC-31B02B9514F6}.Release|x86.ActiveCfg = Release|Win32
		{CA103569-6244-4580-ADCC-31B02B9514F6}.Release|x86.Build.0 = Release|Win32
		{B3ADAF81-7A4F-4650-AE43-7D434BE50AE6}.Debug|x64.ActiveCfg = Debug|x64
		{B3ADAF81-7A4F-4650-AE43-7D434BE50AE6}.Debug|x64.Build.0 = Debug|x64
		{B3ADAF81-7A4F-4650-AE43-7D434BE50AE6}.Debug|x86.ActiveCfg = Debug|Win32
		{B3ADAF81-7A4F-4650-AE43-7D434BE50AE6}.Debug|x86.Build.0 = Debug|Win32
		{B3ADAF81-7A4F-4650-AE43-7D434BE50AE6}.Release|x64.ActiveCfg = Release|x64
		{B3ADAF81-7A4F-4650-AE43-7D434BE50AE6}.Release|x64.Build.0 = Release|x64
		{B3ADAF81-7A4F-4650-AE43-7D434BE50AE6}.Release|x86.ActiveCfg = Release|Win32
		{B3ADAF81-7A4F-4650-AE43-7D434BE50AE6}.Release|x86.Build.0 = Release|Win32
		{919EF8D3-55FA-4A19-AE9A-A5B32F5B03D3}.Debug|x64.ActiveCfg = Debug|x64
		{919EF8D3-55FA-4A19-AE9A-A5B32F5B03D3}.Debug|x64.Build.0 = Debug|x64
		{919EF8D3-55FA-4A19-AE9A-A5B32F5B03D3}.Debug|x86.ActiveCfg = Debug|Win32
		{919EF8D3-55FA-4A19-AE9A-A5B32F5B03D3}.Debug|x86.Build.0 = Debug|Win32
		{919EF8D3-55FA-4A19-AE9A-A5B32F5B03D3}.Release|x64.ActiveCfg = Release|x64
		{919EF8D3-55FA-4A19-AE9A-A5B32F5B03D3}.Release|x64.Build.0 = Release|x64
		{919EF8D3-55FA-4A19-AE9A-A5B32F5B03D3}.Release|x86.ActiveCfg = Release|Win32
		{919EF8D3-55FA-4A19-AE9A-A5B32F5B03D3}.Release|x86.Build.0 = Release|Win32
		{9498B281-A50B-495E-A757-5E732972130F}.Debug|x64.ActiveCfg = Debug|x64
		{9498B281-A50B-495E-A757-5E732972130F}.Debug|x64.Build.0 = Debug|x64
		{9498B281-A50B-495E-A757-5E732972130F}.Debug|x86.ActiveCfg = Debug|Win32
		{9498B281-A50B-495E-A757-5E732972130F}.Debug|x86.Build.0 = Debug|Win32
		{9498B281-A50B-495E-A757-5E732972130F}.Release|x64.ActiveCfg = Release|x64
		{9498B281-A50B-495E-A757-5E732972130F}.Release|x64.Build.0 = Release|x64
		{9498B281-A50B-495E-A757-5E732972130F}.Release|x86.ActiveCfg = Release|Win32
		{9498B281-A50B-495E-A757-5E732972130F}.Release|x86.Build.0 = Release|Win32
		{FB47F83B-BA86-485D-A141-933F1FD82396}.Debug|x64.ActiveCfg = Debug|x64
		{FB47F83B-BA86-485D-A141-933F1FD82396}.Debug|x64.Build.0 = Debug|x64
		{FB47F83B-BA86-485D-A141-933F1FD82396}.Debug|x86.ActiveCfg = Debug|Win32
		{FB47F83B-BA86-485D-A141-933F1FD82396}.Debug|x86.Build.0 = Debug|Win32
		{FB47F83B-BA86-485D-A141-933F1FD82396}.Release|x64.ActiveCfg = Release|x64
		{FB47F83B-BA86-485D-A141-933F1FD82396}.Release|x64.Build.0 = Release|x64
		{FB47F83B-BA86-485D-A141-933F1FD82396}.Release|x86.ActiveCfg = Release|Win32
		{FB47F83B-BA86-485D-A141-933F1FD82396}.Release|x86.Build.0 = Release|Win32
		{371B3328-AC05-4DF5-8C03-B91F3FDE37CA}.Debug|x64.ActiveCfg = Debug|x64
		{371B3328-AC05-4DF5-8C03-B91F3FDE37CA}.Debug|x64.Build.0 = Debug|x64
		{371B3328-AC05-4DF5-8C03-B91F3FDE37CA}.Debug|x86.ActiveCfg = Debug|Win32
		{371B3328-AC05-4DF5-8C03-B91F3FDE37CA}.Debug|x86.Build.0 = Debug|Win32
		{371B3328-AC05-4DF5-8C03-B91F3FDE37CA}.Release|x64.ActiveCfg = Release|x64
		{371B3328-AC05-4DF5-8C03-B91F3FDE37CA}.Release|x64.Build.0 = Release|x64
		{371B3328-AC05-4DF5-8C03-B91F3FDE37CA}.Release|x86.ActiveCfg = Release|Win32
		{371B3328-AC05-4DF5-8C03-B91F3FDE37CA}.Release|x86.Build.0 = Release|Win32
		{6DA755E6-6B3B-487C-93F5-00FC1792F39C}.Debug|x64.ActiveCfg = Debug|x64
		{6DA755E6-6B3B-487C-93F5-00FC1792F39C}.Debug|x64.Build.0 = Debug|x64
		{6DA755E6-6B3B-487C-93F5-00FC1792F39C}.Debug|x86.ActiveCfg = Debug|Win32
		{6DA755E6-6B3B-487C-93F5-00FC1792F39C}.Debug|x86.Build.0 = Debug|Win32
		{6DA755E6-6B3B-487C-93F5-00FC1792F39C}.Release|x64.ActiveCfg = Release|x64
		{6DA755E6-6B3B-487C-93F5-00FC1792F39C}.Release|x64.Build.0 = Release|x64
		{6DA755E6-6B3B-487C-93F5-00FC1792F39C}.Release|x86.ActiveCfg = Release|Win32
		{6DA755E6-6B3B-487C-93F5-00FC1792F39C}.Release|x86.Build.0 = Release|Win32
		{F8FE8767-B7C2-4BC5-8EC4-566CC4C9E13E}.Debug|x64.ActiveCfg = Debug|x64
		{F8FE8767-B7C2-4BC5-8EC4-566CC4C9E13E}.Debug|x64.Build.0 = Debug|x64
		{F8FE8767-B7C2-4BC5-8EC4-566CC4C9E13E}.Debug|x86.ActiveCfg = Debug|Win32
		{F8FE8767-B7C2-4BC5-8EC4-566CC4C9E13E}.Debug|x86.Build.0 = Debug|Win32
		{F8FE8767-B7C2-4BC5-8EC4-566CC4C9E13E}.Release|x64.ActiveCfg = Release|x64
		{F8FE8767-B7C2-4BC5-8EC4-566CC4C9E13E}.Release|x64.Build.0 = Release|x64
		{F8FE8767-B7C2-4BC5-8EC4-566CC4C9E13E}.Release|x86.ActiveCfg = Release|Win32
		{F8FE8767-B7C2-4BC5-8EC4-566CC4C9E13E}.Release|x86.Build.0 = Release|Win32
	EndGlobalSection
	GlobalSection(SolutionProperties) = preSolution
		HideSolutionNode = FALSE
	EndGlobalSection
	GlobalSection(ExtensibilityGlobals) = postSolution
		SolutionGuid = {E1C2E91A-1272-46C1-9AD8-856B33418658}
	EndGlobalSection
EndGlobal
